
Microsoft Visual Studio Solution File, Format Version 12.00
# Visual Studio 15
Project("{FAE04EC0-301F-11D3-BF4B-00C04F79EFBC}") = "PhotonUnityNetworking.Utilities", "PhotonUnityNetworking.Utilities.csproj", "{95DD5306-F7CA-E869-DA53-280160E5CE1C}"
EndProject
Project("{FAE04EC0-301F-11D3-BF4B-00C04F79EFBC}") = "Assembly-CSharp", "Assembly-CSharp.csproj", "{517BD810-6F1F-876D-3FBE-91ACCC586580}"
EndProject
Project("{FAE04EC0-301F-11D3-BF4B-00C04F79EFBC}") = "PhotonUnityNetworking.Demos", "PhotonUnityNetworking.Demos.csproj", "{E540F6BC-B084-C0D2-E496-4B70746BA2B1}"
EndProject
Project("{FAE04EC0-301F-11D3-BF4B-00C04F79EFBC}") = "PhotonUnityNetworking", "PhotonUnityNetworking.csproj", "{A75722F6-34AF-0ADD-DD30-2FC58F06871C}"
EndProject
Project("{FAE04EC0-301F-11D3-BF4B-00C04F79EFBC}") = "PhotonChat", "PhotonChat.csproj", "{2119130C-A7D8-E7B6-863A-D846445E467A}"
EndProject
Project("{FAE04EC0-301F-11D3-BF4B-00C04F79EFBC}") = "PhotonRealtime", "PhotonRealtime.csproj", "{EDF9F032-798B-1C09-00F1-51BB627E927D}"
EndProject
Project("{FAE04EC0-301F-11D3-BF4B-00C04F79EFBC}") = "PhotonUnityNetworking.Editor", "PhotonUnityNetworking.Editor.csproj", "{DDDF58B9-0A58-D3B1-A7EF-08CB3EAB67F4}"
EndProject
Project("{FAE04EC0-301F-11D3-BF4B-00C04F79EFBC}") = "PhotonUnityNetworking.Utilities.PhotonPlayer.Editor", "PhotonUnityNetworking.Utilities.PhotonPlayer.Editor.csproj", "{D785D425-B197-965D-9340-4E6CFC87632A}"
EndProject
Project("{FAE04EC0-301F-11D3-BF4B-00C04F79EFBC}") = "PunDemos.DemoSlotcarEditor", "PunDemos.DemoSlotcarEditor.csproj", "{A0A3D283-98D2-4173-FC98-38E2155AD94A}"
EndProject
Project("{FAE04EC0-301F-11D3-BF4B-00C04F79EFBC}") = "PhotonUnityNetworking.Utilities.Culling.Editor", "PhotonUnityNetworking.Utilities.Culling.Editor.csproj", "{DFFE5EB1-3B6C-B1E9-E24D-6E003B8B7C65}"
EndProject
Project("{FAE04EC0-301F-11D3-BF4B-00C04F79EFBC}") = "PunDemos.DemoHubEditor", "PunDemos.DemoHubEditor.csproj", "{715E04AE-4C71-5A46-681E-8535CE3B72EE}"
EndProject
Global
	GlobalSection(SolutionConfigurationPlatforms) = preSolution
		Debug|Any CPU = Debug|Any CPU
		Release|Any CPU = Release|Any CPU
	EndGlobalSection
	GlobalSection(ProjectConfigurationPlatforms) = postSolution
		{95DD5306-F7CA-E869-DA53-280160E5CE1C}.Debug|Any CPU.ActiveCfg = Debug|Any CPU
		{95DD5306-F7CA-E869-DA53-280160E5CE1C}.Debug|Any CPU.Build.0 = Debug|Any CPU
		{95DD5306-F7CA-E869-DA53-280160E5CE1C}.Release|Any CPU.ActiveCfg = Release|Any CPU
		{95DD5306-F7CA-E869-DA53-280160E5CE1C}.Release|Any CPU.Build.0 = Release|Any CPU
		{517BD810-6F1F-876D-3FBE-91ACCC586580}.Debug|Any CPU.ActiveCfg = Debug|Any CPU
		{517BD810-6F1F-876D-3FBE-91ACCC586580}.Debug|Any CPU.Build.0 = Debug|Any CPU
		{517BD810-6F1F-876D-3FBE-91ACCC586580}.Release|Any CPU.ActiveCfg = Release|Any CPU
		{517BD810-6F1F-876D-3FBE-91ACCC586580}.Release|Any CPU.Build.0 = Release|Any CPU
		{E540F6BC-B084-C0D2-E496-4B70746BA2B1}.Debug|Any CPU.ActiveCfg = Debug|Any CPU
		{E540F6BC-B084-C0D2-E496-4B70746BA2B1}.Debug|Any CPU.Build.0 = Debug|Any CPU
		{E540F6BC-B084-C0D2-E496-4B70746BA2B1}.Release|Any CPU.ActiveCfg = Release|Any CPU
		{E540F6BC-B084-C0D2-E496-4B70746BA2B1}.Release|Any CPU.Build.0 = Release|Any CPU
		{A75722F6-34AF-0ADD-DD30-2FC58F06871C}.Debug|Any CPU.ActiveCfg = Debug|Any CPU
		{A75722F6-34AF-0ADD-DD30-2FC58F06871C}.Debug|Any CPU.Build.0 = Debug|Any CPU
		{A75722F6-34AF-0ADD-DD30-2FC58F06871C}.Release|Any CPU.ActiveCfg = Release|Any CPU
		{A75722F6-34AF-0ADD-DD30-2FC58F06871C}.Release|Any CPU.Build.0 = Release|Any CPU
		{2119130C-A7D8-E7B6-863A-D846445E467A}.Debug|Any CPU.ActiveCfg = Debug|Any CPU
		{2119130C-A7D8-E7B6-863A-D846445E467A}.Debug|Any CPU.Build.0 = Debug|Any CPU
		{2119130C-A7D8-E7B6-863A-D846445E467A}.Release|Any CPU.ActiveCfg = Release|Any CPU
		{2119130C-A7D8-E7B6-863A-D846445E467A}.Release|Any CPU.Build.0 = Release|Any CPU
		{EDF9F032-798B-1C09-00F1-51BB627E927D}.Debug|Any CPU.ActiveCfg = Debug|Any CPU
		{EDF9F032-798B-1C09-00F1-51BB627E927D}.Debug|Any CPU.Build.0 = Debug|Any CPU
		{EDF9F032-798B-1C09-00F1-51BB627E927D}.Release|Any CPU.ActiveCfg = Release|Any CPU
		{EDF9F032-798B-1C09-00F1-51BB627E927D}.Release|Any CPU.Build.0 = Release|Any CPU
		{DDDF58B9-0A58-D3B1-A7EF-08CB3EAB67F4}.Debug|Any CPU.ActiveCfg = Debug|Any CPU
		{DDDF58B9-0A58-D3B1-A7EF-08CB3EAB67F4}.Debug|Any CPU.Build.0 = Debug|Any CPU
		{DDDF58B9-0A58-D3B1-A7EF-08CB3EAB67F4}.Release|Any CPU.ActiveCfg = Release|Any CPU
		{DDDF58B9-0A58-D3B1-A7EF-08CB3EAB67F4}.Release|Any CPU.Build.0 = Release|Any CPU
		{D785D425-B197-965D-9340-4E6CFC87632A}.Debug|Any CPU.ActiveCfg = Debug|Any CPU
		{D785D425-B197-965D-9340-4E6CFC87632A}.Debug|Any CPU.Build.0 = Debug|Any CPU
		{D785D425-B197-965D-9340-4E6CFC87632A}.Release|Any CPU.ActiveCfg = Release|Any CPU
		{D785D425-B197-965D-9340-4E6CFC87632A}.Release|Any CPU.Build.0 = Release|Any CPU
		{A0A3D283-98D2-4173-FC98-38E2155AD94A}.Debug|Any CPU.ActiveCfg = Debug|Any CPU
		{A0A3D283-98D2-4173-FC98-38E2155AD94A}.Debug|Any CPU.Build.0 = Debug|Any CPU
		{A0A3D283-98D2-4173-FC98-38E2155AD94A}.Release|Any CPU.ActiveCfg = Release|Any CPU
		{A0A3D283-98D2-4173-FC98-38E2155AD94A}.Release|Any CPU.Build.0 = Release|Any CPU
		{DFFE5EB1-3B6C-B1E9-E24D-6E003B8B7C65}.Debug|Any CPU.ActiveCfg = Debug|Any CPU
		{DFFE5EB1-3B6C-B1E9-E24D-6E003B8B7C65}.Debug|Any CPU.Build.0 = Debug|Any CPU
		{DFFE5EB1-3B6C-B1E9-E24D-6E003B8B7C65}.Release|Any CPU.ActiveCfg = Release|Any CPU
		{DFFE5EB1-3B6C-B1E9-E24D-6E003B8B7C65}.Release|Any CPU.Build.0 = Release|Any CPU
		{715E04AE-4C71-5A46-681E-8535CE3B72EE}.Debug|Any CPU.ActiveCfg = Debug|Any CPU
		{715E04AE-4C71-5A46-681E-8535CE3B72EE}.Debug|Any CPU.Build.0 = Debug|Any CPU
		{715E04AE-4C71-5A46-681E-8535CE3B72EE}.Release|Any CPU.ActiveCfg = Release|Any CPU
		{715E04AE-4C71-5A46-681E-8535CE3B72EE}.Release|Any CPU.Build.0 = Release|Any CPU
	EndGlobalSection
	GlobalSection(SolutionProperties) = preSolution
		HideSolutionNode = FALSE
	EndGlobalSection
EndGlobal
