
Microsoft Visual Studio Solution File, Format Version 11.00
# Visual Studio 2010
Project("{FAE04EC0-301F-11D3-BF4B-00C04F79EFBC}") = "UnityEngine.UI", "UnityEngine.UI.csproj", "{3f9867bb-d3a6-3af1-ff1f-8f81a4c52542}"
EndProject
Project("{FAE04EC0-301F-11D3-BF4B-00C04F79EFBC}") = "PhotonUnityNetworking.Utilities", "PhotonUnityNetworking.Utilities.csproj", "{0653dd95-caf7-69e8-da53-280160e5ce1c}"
EndProject
Project("{FAE04EC0-301F-11D3-BF4B-00C04F79EFBC}") = "Assembly-CSharp", "Assembly-CSharp.csproj", "{10d87b51-1f6f-6d87-3fbe-91accc586580}"
EndProject
Project("{FAE04EC0-301F-11D3-BF4B-00C04F79EFBC}") = "UnityEngine.TestRunner", "UnityEngine.TestRunner.csproj", "{c6000ce4-3425-54b7-6890-0669719e47a8}"
EndProject
Project("{FAE04EC0-301F-11D3-BF4B-00C04F79EFBC}") = "Unity.Timeline", "Unity.Timeline.csproj", "{0ab37eff-dfb2-da66-4afb-e1d20eec5dfd}"
EndProject
Project("{FAE04EC0-301F-11D3-BF4B-00C04F79EFBC}") = "PhotonUnityNetworking.Demos", "PhotonUnityNetworking.Demos.csproj", "{bcf640e5-84b0-d2c0-e496-4b70746ba2b1}"
EndProject
Project("{FAE04EC0-301F-11D3-BF4B-00C04F79EFBC}") = "PhotonUnityNetworking", "PhotonUnityNetworking.csproj", "{f62257a7-af34-dd0a-dd30-2fc58f06871c}"
EndProject
Project("{FAE04EC0-301F-11D3-BF4B-00C04F79EFBC}") = "Cinemachine", "Cinemachine.csproj", "{baa11aa9-74a3-ebc6-5b46-f147fff07d40}"
EndProject
Project("{FAE04EC0-301F-11D3-BF4B-00C04F79EFBC}") = "Unity.TextMeshPro", "Unity.TextMeshPro.csproj", "{cb4efefb-5445-5aef-6c0b-7922c546b851}"
EndProject
Project("{FAE04EC0-301F-11D3-BF4B-00C04F79EFBC}") = "PhotonChat", "PhotonChat.csproj", "{0c131921-d8a7-b6e7-863a-d846445e467a}"
EndProject
Project("{FAE04EC0-301F-11D3-BF4B-00C04F79EFBC}") = "PhotonRealtime", "PhotonRealtime.csproj", "{32f0f9ed-8b79-091c-00f1-51bb627e927d}"
EndProject
Project("{FAE04EC0-301F-11D3-BF4B-00C04F79EFBC}") = "UnityEditor.TestRunner", "UnityEditor.TestRunner.csproj", "{3968131c-b2e9-0fb2-4c68-cf7f9da065d3}"
EndProject
Project("{FAE04EC0-301F-11D3-BF4B-00C04F79EFBC}") = "Unity.PlasticSCM.Editor", "Unity.PlasticSCM.Editor.csproj", "{7b41f317-3433-c6c6-3173-8b6c7cf094aa}"
EndProject
Project("{FAE04EC0-301F-11D3-BF4B-00C04F79EFBC}") = "UnityEditor.UI", "UnityEditor.UI.csproj", "{648bd5ec-9ff9-534c-81ed-413d26aeae23}"
EndProject
Project("{FAE04EC0-301F-11D3-BF4B-00C04F79EFBC}") = "Unity.Timeline.Editor", "Unity.Timeline.Editor.csproj", "{63f60a8a-8341-eae1-8b5b-4b59973fb343}"
EndProject
Project("{FAE04EC0-301F-11D3-BF4B-00C04F79EFBC}") = "Unity.VisualStudio.Editor", "Unity.VisualStudio.Editor.csproj", "{aa2e6bad-08d3-ee17-fc81-8dd61ac6f838}"
EndProject
Project("{FAE04EC0-301F-11D3-BF4B-00C04F79EFBC}") = "PhotonUnityNetworking.Editor", "PhotonUnityNetworking.Editor.csproj", "{b958dfdd-580a-b1d3-a7ef-08cb3eab67f4}"
EndProject
Project("{FAE04EC0-301F-11D3-BF4B-00C04F79EFBC}") = "com.unity.cinemachine.editor", "com.unity.cinemachine.editor.csproj", "{a548cd81-0193-8df3-4e6b-37ccb944c651}"
EndProject
Project("{FAE04EC0-301F-11D3-BF4B-00C04F79EFBC}") = "Unity.TextMeshPro.Editor", "Unity.TextMeshPro.Editor.csproj", "{392e076a-b9ec-53ea-5702-88c323b92746}"
EndProject
Project("{FAE04EC0-301F-11D3-BF4B-00C04F79EFBC}") = "Unity.CollabProxy.Editor", "Unity.CollabProxy.Editor.csproj", "{7baaa958-7b06-b2eb-6163-ec1ed4b2db74}"
EndProject
Project("{FAE04EC0-301F-11D3-BF4B-00C04F79EFBC}") = "Unity.Rider.Editor", "Unity.Rider.Editor.csproj", "{5a9e9042-099d-cd62-c04b-fb366b5b98b3}"
EndProject
Project("{FAE04EC0-301F-11D3-BF4B-00C04F79EFBC}") = "Unity.VSCode.Editor", "Unity.VSCode.Editor.csproj", "{112d54bf-55d2-d5de-45dc-8bf92be6b60f}"
EndProject
Project("{FAE04EC0-301F-11D3-BF4B-00C04F79EFBC}") = "PhotonUnityNetworking.Utilities.PhotonPlayer.Editor", "PhotonUnityNetworking.Utilities.PhotonPlayer.Editor.csproj", "{25d485d7-97b1-5d96-9340-4e6cfc87632a}"
EndProject
Project("{FAE04EC0-301F-11D3-BF4B-00C04F79EFBC}") = "PunDemos.DemoSlotcarEditor", "PunDemos.DemoSlotcarEditor.csproj", "{83d2a3a0-d298-7341-fc98-38e2155ad94a}"
EndProject
Project("{FAE04EC0-301F-11D3-BF4B-00C04F79EFBC}") = "PhotonUnityNetworking.Utilities.Culling.Editor", "PhotonUnityNetworking.Utilities.Culling.Editor.csproj", "{b15efedf-6c3b-e9b1-e24d-6e003b8b7c65}"
EndProject
Project("{FAE04EC0-301F-11D3-BF4B-00C04F79EFBC}") = "PunDemos.DemoHubEditor", "PunDemos.DemoHubEditor.csproj", "{ae045e71-714c-465a-681e-8535ce3b72ee}"
EndProject
Project("{FAE04EC0-301F-11D3-BF4B-00C04F79EFBC}") = "UnityEngine.UI", "UnityEngine.UI.Player.csproj", "{8065f7c1-b27d-a2f3-56ca-2f472058ece2}"
EndProject
Project("{FAE04EC0-301F-11D3-BF4B-00C04F79EFBC}") = "PhotonUnityNetworking.Utilities", "PhotonUnityNetworking.Utilities.Player.csproj", "{3233c441-6a8b-b6c3-f32a-7330a4dafe14}"
EndProject
Project("{FAE04EC0-301F-11D3-BF4B-00C04F79EFBC}") = "Assembly-CSharp", "Assembly-CSharp.Player.csproj", "{0306c8a8-9849-7a92-cd0e-48be32e5cb47}"
EndProject
Project("{FAE04EC0-301F-11D3-BF4B-00C04F79EFBC}") = "UnityEngine.TestRunner", "UnityEngine.TestRunner.Player.csproj", "{f27d34c7-6b26-dbff-d8b5-278c65e1ca67}"
EndProject
Project("{FAE04EC0-301F-11D3-BF4B-00C04F79EFBC}") = "Unity.Timeline", "Unity.Timeline.Player.csproj", "{3d71fc87-715e-d5f2-67c4-0dd4f5fe6a57}"
EndProject
Project("{FAE04EC0-301F-11D3-BF4B-00C04F79EFBC}") = "PhotonUnityNetworking.Demos", "PhotonUnityNetworking.Demos.Player.csproj", "{4f9a855b-bf2d-f2a0-f8e7-3c8c38313d7c}"
EndProject
Project("{FAE04EC0-301F-11D3-BF4B-00C04F79EFBC}") = "PhotonUnityNetworking", "PhotonUnityNetworking.Player.csproj", "{6e044718-30b4-5bd8-fd17-13789003835b}"
EndProject
Project("{FAE04EC0-301F-11D3-BF4B-00C04F79EFBC}") = "Cinemachine", "Cinemachine.Player.csproj", "{525d5baa-e562-4614-c2dc-dcf4c5c2743b}"
EndProject
Project("{FAE04EC0-301F-11D3-BF4B-00C04F79EFBC}") = "Unity.TextMeshPro", "Unity.TextMeshPro.Player.csproj", "{dafb5bb5-ddaa-8752-cf5c-7afbcbfd57c0}"
EndProject
Project("{FAE04EC0-301F-11D3-BF4B-00C04F79EFBC}") = "PhotonChat", "PhotonChat.Player.csproj", "{4b7b5cfb-d4cf-7e37-e419-c98abff2800e}"
EndProject
Project("{FAE04EC0-301F-11D3-BF4B-00C04F79EFBC}") = "PhotonRealtime", "PhotonRealtime.Player.csproj", "{a8b34390-3d95-ac0a-a2b6-1e7e16cd33fd}"
EndProject
Global
	GlobalSection(SolutionConfigurationPlatforms) = preSolution
		Debug|Any CPU = Debug|Any CPU
		Release|Any CPU = Release|Any CPU
	EndGlobalSection
	GlobalSection(ProjectConfigurationPlatforms) = postSolution
		{3f9867bb-d3a6-3af1-ff1f-8f81a4c52542}.Debug|Any CPU.ActiveCfg = Debug|Any CPU
		{3f9867bb-d3a6-3af1-ff1f-8f81a4c52542}.Debug|Any CPU.Build.0 = Debug|Any CPU
		{3f9867bb-d3a6-3af1-ff1f-8f81a4c52542}.Release|Any CPU.ActiveCfg = Release|Any CPU
		{3f9867bb-d3a6-3af1-ff1f-8f81a4c52542}.Release|Any CPU.Build.0 = Release|Any CPU
		{0653dd95-caf7-69e8-da53-280160e5ce1c}.Debug|Any CPU.ActiveCfg = Debug|Any CPU
		{0653dd95-caf7-69e8-da53-280160e5ce1c}.Debug|Any CPU.Build.0 = Debug|Any CPU
		{0653dd95-caf7-69e8-da53-280160e5ce1c}.Release|Any CPU.ActiveCfg = Release|Any CPU
		{0653dd95-caf7-69e8-da53-280160e5ce1c}.Release|Any CPU.Build.0 = Release|Any CPU
		{10d87b51-1f6f-6d87-3fbe-91accc586580}.Debug|Any CPU.ActiveCfg = Debug|Any CPU
		{10d87b51-1f6f-6d87-3fbe-91accc586580}.Debug|Any CPU.Build.0 = Debug|Any CPU
		{10d87b51-1f6f-6d87-3fbe-91accc586580}.Release|Any CPU.ActiveCfg = Release|Any CPU
		{10d87b51-1f6f-6d87-3fbe-91accc586580}.Release|Any CPU.Build.0 = Release|Any CPU
		{c6000ce4-3425-54b7-6890-0669719e47a8}.Debug|Any CPU.ActiveCfg = Debug|Any CPU
		{c6000ce4-3425-54b7-6890-0669719e47a8}.Debug|Any CPU.Build.0 = Debug|Any CPU
		{c6000ce4-3425-54b7-6890-0669719e47a8}.Release|Any CPU.ActiveCfg = Release|Any CPU
		{c6000ce4-3425-54b7-6890-0669719e47a8}.Release|Any CPU.Build.0 = Release|Any CPU
		{0ab37eff-dfb2-da66-4afb-e1d20eec5dfd}.Debug|Any CPU.ActiveCfg = Debug|Any CPU
		{0ab37eff-dfb2-da66-4afb-e1d20eec5dfd}.Debug|Any CPU.Build.0 = Debug|Any CPU
		{0ab37eff-dfb2-da66-4afb-e1d20eec5dfd}.Release|Any CPU.ActiveCfg = Release|Any CPU
		{0ab37eff-dfb2-da66-4afb-e1d20eec5dfd}.Release|Any CPU.Build.0 = Release|Any CPU
		{bcf640e5-84b0-d2c0-e496-4b70746ba2b1}.Debug|Any CPU.ActiveCfg = Debug|Any CPU
		{bcf640e5-84b0-d2c0-e496-4b70746ba2b1}.Debug|Any CPU.Build.0 = Debug|Any CPU
		{bcf640e5-84b0-d2c0-e496-4b70746ba2b1}.Release|Any CPU.ActiveCfg = Release|Any CPU
		{bcf640e5-84b0-d2c0-e496-4b70746ba2b1}.Release|Any CPU.Build.0 = Release|Any CPU
		{f62257a7-af34-dd0a-dd30-2fc58f06871c}.Debug|Any CPU.ActiveCfg = Debug|Any CPU
		{f62257a7-af34-dd0a-dd30-2fc58f06871c}.Debug|Any CPU.Build.0 = Debug|Any CPU
		{f62257a7-af34-dd0a-dd30-2fc58f06871c}.Release|Any CPU.ActiveCfg = Release|Any CPU
		{f62257a7-af34-dd0a-dd30-2fc58f06871c}.Release|Any CPU.Build.0 = Release|Any CPU
		{baa11aa9-74a3-ebc6-5b46-f147fff07d40}.Debug|Any CPU.ActiveCfg = Debug|Any CPU
		{baa11aa9-74a3-ebc6-5b46-f147fff07d40}.Debug|Any CPU.Build.0 = Debug|Any CPU
		{baa11aa9-74a3-ebc6-5b46-f147fff07d40}.Release|Any CPU.ActiveCfg = Release|Any CPU
		{baa11aa9-74a3-ebc6-5b46-f147fff07d40}.Release|Any CPU.Build.0 = Release|Any CPU
		{cb4efefb-5445-5aef-6c0b-7922c546b851}.Debug|Any CPU.ActiveCfg = Debug|Any CPU
		{cb4efefb-5445-5aef-6c0b-7922c546b851}.Debug|Any CPU.Build.0 = Debug|Any CPU
		{cb4efefb-5445-5aef-6c0b-7922c546b851}.Release|Any CPU.ActiveCfg = Release|Any CPU
		{cb4efefb-5445-5aef-6c0b-7922c546b851}.Release|Any CPU.Build.0 = Release|Any CPU
		{0c131921-d8a7-b6e7-863a-d846445e467a}.Debug|Any CPU.ActiveCfg = Debug|Any CPU
		{0c131921-d8a7-b6e7-863a-d846445e467a}.Debug|Any CPU.Build.0 = Debug|Any CPU
		{0c131921-d8a7-b6e7-863a-d846445e467a}.Release|Any CPU.ActiveCfg = Release|Any CPU
		{0c131921-d8a7-b6e7-863a-d846445e467a}.Release|Any CPU.Build.0 = Release|Any CPU
		{32f0f9ed-8b79-091c-00f1-51bb627e927d}.Debug|Any CPU.ActiveCfg = Debug|Any CPU
		{32f0f9ed-8b79-091c-00f1-51bb627e927d}.Debug|Any CPU.Build.0 = Debug|Any CPU
		{32f0f9ed-8b79-091c-00f1-51bb627e927d}.Release|Any CPU.ActiveCfg = Release|Any CPU
		{32f0f9ed-8b79-091c-00f1-51bb627e927d}.Release|Any CPU.Build.0 = Release|Any CPU
		{3968131c-b2e9-0fb2-4c68-cf7f9da065d3}.Debug|Any CPU.ActiveCfg = Debug|Any CPU
		{3968131c-b2e9-0fb2-4c68-cf7f9da065d3}.Debug|Any CPU.Build.0 = Debug|Any CPU
		{3968131c-b2e9-0fb2-4c68-cf7f9da065d3}.Release|Any CPU.ActiveCfg = Release|Any CPU
		{3968131c-b2e9-0fb2-4c68-cf7f9da065d3}.Release|Any CPU.Build.0 = Release|Any CPU
		{7b41f317-3433-c6c6-3173-8b6c7cf094aa}.Debug|Any CPU.ActiveCfg = Debug|Any CPU
		{7b41f317-3433-c6c6-3173-8b6c7cf094aa}.Debug|Any CPU.Build.0 = Debug|Any CPU
		{7b41f317-3433-c6c6-3173-8b6c7cf094aa}.Release|Any CPU.ActiveCfg = Release|Any CPU
		{7b41f317-3433-c6c6-3173-8b6c7cf094aa}.Release|Any CPU.Build.0 = Release|Any CPU
		{648bd5ec-9ff9-534c-81ed-413d26aeae23}.Debug|Any CPU.ActiveCfg = Debug|Any CPU
		{648bd5ec-9ff9-534c-81ed-413d26aeae23}.Debug|Any CPU.Build.0 = Debug|Any CPU
		{648bd5ec-9ff9-534c-81ed-413d26aeae23}.Release|Any CPU.ActiveCfg = Release|Any CPU
		{648bd5ec-9ff9-534c-81ed-413d26aeae23}.Release|Any CPU.Build.0 = Release|Any CPU
		{63f60a8a-8341-eae1-8b5b-4b59973fb343}.Debug|Any CPU.ActiveCfg = Debug|Any CPU
		{63f60a8a-8341-eae1-8b5b-4b59973fb343}.Debug|Any CPU.Build.0 = Debug|Any CPU
		{63f60a8a-8341-eae1-8b5b-4b59973fb343}.Release|Any CPU.ActiveCfg = Release|Any CPU
		{63f60a8a-8341-eae1-8b5b-4b59973fb343}.Release|Any CPU.Build.0 = Release|Any CPU
		{aa2e6bad-08d3-ee17-fc81-8dd61ac6f838}.Debug|Any CPU.ActiveCfg = Debug|Any CPU
		{aa2e6bad-08d3-ee17-fc81-8dd61ac6f838}.Debug|Any CPU.Build.0 = Debug|Any CPU
		{aa2e6bad-08d3-ee17-fc81-8dd61ac6f838}.Release|Any CPU.ActiveCfg = Release|Any CPU
		{aa2e6bad-08d3-ee17-fc81-8dd61ac6f838}.Release|Any CPU.Build.0 = Release|Any CPU
		{b958dfdd-580a-b1d3-a7ef-08cb3eab67f4}.Debug|Any CPU.ActiveCfg = Debug|Any CPU
		{b958dfdd-580a-b1d3-a7ef-08cb3eab67f4}.Debug|Any CPU.Build.0 = Debug|Any CPU
		{b958dfdd-580a-b1d3-a7ef-08cb3eab67f4}.Release|Any CPU.ActiveCfg = Release|Any CPU
		{b958dfdd-580a-b1d3-a7ef-08cb3eab67f4}.Release|Any CPU.Build.0 = Release|Any CPU
		{a548cd81-0193-8df3-4e6b-37ccb944c651}.Debug|Any CPU.ActiveCfg = Debug|Any CPU
		{a548cd81-0193-8df3-4e6b-37ccb944c651}.Debug|Any CPU.Build.0 = Debug|Any CPU
		{a548cd81-0193-8df3-4e6b-37ccb944c651}.Release|Any CPU.ActiveCfg = Release|Any CPU
		{a548cd81-0193-8df3-4e6b-37ccb944c651}.Release|Any CPU.Build.0 = Release|Any CPU
		{392e076a-b9ec-53ea-5702-88c323b92746}.Debug|Any CPU.ActiveCfg = Debug|Any CPU
		{392e076a-b9ec-53ea-5702-88c323b92746}.Debug|Any CPU.Build.0 = Debug|Any CPU
		{392e076a-b9ec-53ea-5702-88c323b92746}.Release|Any CPU.ActiveCfg = Release|Any CPU
		{392e076a-b9ec-53ea-5702-88c323b92746}.Release|Any CPU.Build.0 = Release|Any CPU
		{7baaa958-7b06-b2eb-6163-ec1ed4b2db74}.Debug|Any CPU.ActiveCfg = Debug|Any CPU
		{7baaa958-7b06-b2eb-6163-ec1ed4b2db74}.Debug|Any CPU.Build.0 = Debug|Any CPU
		{7baaa958-7b06-b2eb-6163-ec1ed4b2db74}.Release|Any CPU.ActiveCfg = Release|Any CPU
		{7baaa958-7b06-b2eb-6163-ec1ed4b2db74}.Release|Any CPU.Build.0 = Release|Any CPU
		{5a9e9042-099d-cd62-c04b-fb366b5b98b3}.Debug|Any CPU.ActiveCfg = Debug|Any CPU
		{5a9e9042-099d-cd62-c04b-fb366b5b98b3}.Debug|Any CPU.Build.0 = Debug|Any CPU
		{5a9e9042-099d-cd62-c04b-fb366b5b98b3}.Release|Any CPU.ActiveCfg = Release|Any CPU
		{5a9e9042-099d-cd62-c04b-fb366b5b98b3}.Release|Any CPU.Build.0 = Release|Any CPU
		{112d54bf-55d2-d5de-45dc-8bf92be6b60f}.Debug|Any CPU.ActiveCfg = Debug|Any CPU
		{112d54bf-55d2-d5de-45dc-8bf92be6b60f}.Debug|Any CPU.Build.0 = Debug|Any CPU
		{112d54bf-55d2-d5de-45dc-8bf92be6b60f}.Release|Any CPU.ActiveCfg = Release|Any CPU
		{112d54bf-55d2-d5de-45dc-8bf92be6b60f}.Release|Any CPU.Build.0 = Release|Any CPU
		{25d485d7-97b1-5d96-9340-4e6cfc87632a}.Debug|Any CPU.ActiveCfg = Debug|Any CPU
		{25d485d7-97b1-5d96-9340-4e6cfc87632a}.Debug|Any CPU.Build.0 = Debug|Any CPU
		{25d485d7-97b1-5d96-9340-4e6cfc87632a}.Release|Any CPU.ActiveCfg = Release|Any CPU
		{25d485d7-97b1-5d96-9340-4e6cfc87632a}.Release|Any CPU.Build.0 = Release|Any CPU
		{83d2a3a0-d298-7341-fc98-38e2155ad94a}.Debug|Any CPU.ActiveCfg = Debug|Any CPU
		{83d2a3a0-d298-7341-fc98-38e2155ad94a}.Debug|Any CPU.Build.0 = Debug|Any CPU
		{83d2a3a0-d298-7341-fc98-38e2155ad94a}.Release|Any CPU.ActiveCfg = Release|Any CPU
		{83d2a3a0-d298-7341-fc98-38e2155ad94a}.Release|Any CPU.Build.0 = Release|Any CPU
		{b15efedf-6c3b-e9b1-e24d-6e003b8b7c65}.Debug|Any CPU.ActiveCfg = Debug|Any CPU
		{b15efedf-6c3b-e9b1-e24d-6e003b8b7c65}.Debug|Any CPU.Build.0 = Debug|Any CPU
		{b15efedf-6c3b-e9b1-e24d-6e003b8b7c65}.Release|Any CPU.ActiveCfg = Release|Any CPU
		{b15efedf-6c3b-e9b1-e24d-6e003b8b7c65}.Release|Any CPU.Build.0 = Release|Any CPU
		{ae045e71-714c-465a-681e-8535ce3b72ee}.Debug|Any CPU.ActiveCfg = Debug|Any CPU
		{ae045e71-714c-465a-681e-8535ce3b72ee}.Debug|Any CPU.Build.0 = Debug|Any CPU
		{ae045e71-714c-465a-681e-8535ce3b72ee}.Release|Any CPU.ActiveCfg = Release|Any CPU
		{ae045e71-714c-465a-681e-8535ce3b72ee}.Release|Any CPU.Build.0 = Release|Any CPU
		{8065f7c1-b27d-a2f3-56ca-2f472058ece2}.Debug|Any CPU.ActiveCfg = Debug|Any CPU
		{8065f7c1-b27d-a2f3-56ca-2f472058ece2}.Debug|Any CPU.Build.0 = Debug|Any CPU
		{8065f7c1-b27d-a2f3-56ca-2f472058ece2}.Release|Any CPU.ActiveCfg = Release|Any CPU
		{8065f7c1-b27d-a2f3-56ca-2f472058ece2}.Release|Any CPU.Build.0 = Release|Any CPU
		{3233c441-6a8b-b6c3-f32a-7330a4dafe14}.Debug|Any CPU.ActiveCfg = Debug|Any CPU
		{3233c441-6a8b-b6c3-f32a-7330a4dafe14}.Debug|Any CPU.Build.0 = Debug|Any CPU
		{3233c441-6a8b-b6c3-f32a-7330a4dafe14}.Release|Any CPU.ActiveCfg = Release|Any CPU
		{3233c441-6a8b-b6c3-f32a-7330a4dafe14}.Release|Any CPU.Build.0 = Release|Any CPU
		{0306c8a8-9849-7a92-cd0e-48be32e5cb47}.Debug|Any CPU.ActiveCfg = Debug|Any CPU
		{0306c8a8-9849-7a92-cd0e-48be32e5cb47}.Debug|Any CPU.Build.0 = Debug|Any CPU
		{0306c8a8-9849-7a92-cd0e-48be32e5cb47}.Release|Any CPU.ActiveCfg = Release|Any CPU
		{0306c8a8-9849-7a92-cd0e-48be32e5cb47}.Release|Any CPU.Build.0 = Release|Any CPU
		{f27d34c7-6b26-dbff-d8b5-278c65e1ca67}.Debug|Any CPU.ActiveCfg = Debug|Any CPU
		{f27d34c7-6b26-dbff-d8b5-278c65e1ca67}.Debug|Any CPU.Build.0 = Debug|Any CPU
		{f27d34c7-6b26-dbff-d8b5-278c65e1ca67}.Release|Any CPU.ActiveCfg = Release|Any CPU
		{f27d34c7-6b26-dbff-d8b5-278c65e1ca67}.Release|Any CPU.Build.0 = Release|Any CPU
		{3d71fc87-715e-d5f2-67c4-0dd4f5fe6a57}.Debug|Any CPU.ActiveCfg = Debug|Any CPU
		{3d71fc87-715e-d5f2-67c4-0dd4f5fe6a57}.Debug|Any CPU.Build.0 = Debug|Any CPU
		{3d71fc87-715e-d5f2-67c4-0dd4f5fe6a57}.Release|Any CPU.ActiveCfg = Release|Any CPU
		{3d71fc87-715e-d5f2-67c4-0dd4f5fe6a57}.Release|Any CPU.Build.0 = Release|Any CPU
		{4f9a855b-bf2d-f2a0-f8e7-3c8c38313d7c}.Debug|Any CPU.ActiveCfg = Debug|Any CPU
		{4f9a855b-bf2d-f2a0-f8e7-3c8c38313d7c}.Debug|Any CPU.Build.0 = Debug|Any CPU
		{4f9a855b-bf2d-f2a0-f8e7-3c8c38313d7c}.Release|Any CPU.ActiveCfg = Release|Any CPU
		{4f9a855b-bf2d-f2a0-f8e7-3c8c38313d7c}.Release|Any CPU.Build.0 = Release|Any CPU
		{6e044718-30b4-5bd8-fd17-13789003835b}.Debug|Any CPU.ActiveCfg = Debug|Any CPU
		{6e044718-30b4-5bd8-fd17-13789003835b}.Debug|Any CPU.Build.0 = Debug|Any CPU
		{6e044718-30b4-5bd8-fd17-13789003835b}.Release|Any CPU.ActiveCfg = Release|Any CPU
		{6e044718-30b4-5bd8-fd17-13789003835b}.Release|Any CPU.Build.0 = Release|Any CPU
		{525d5baa-e562-4614-c2dc-dcf4c5c2743b}.Debug|Any CPU.ActiveCfg = Debug|Any CPU
		{525d5baa-e562-4614-c2dc-dcf4c5c2743b}.Debug|Any CPU.Build.0 = Debug|Any CPU
		{525d5baa-e562-4614-c2dc-dcf4c5c2743b}.Release|Any CPU.ActiveCfg = Release|Any CPU
		{525d5baa-e562-4614-c2dc-dcf4c5c2743b}.Release|Any CPU.Build.0 = Release|Any CPU
		{dafb5bb5-ddaa-8752-cf5c-7afbcbfd57c0}.Debug|Any CPU.ActiveCfg = Debug|Any CPU
		{dafb5bb5-ddaa-8752-cf5c-7afbcbfd57c0}.Debug|Any CPU.Build.0 = Debug|Any CPU
		{dafb5bb5-ddaa-8752-cf5c-7afbcbfd57c0}.Release|Any CPU.ActiveCfg = Release|Any CPU
		{dafb5bb5-ddaa-8752-cf5c-7afbcbfd57c0}.Release|Any CPU.Build.0 = Release|Any CPU
		{4b7b5cfb-d4cf-7e37-e419-c98abff2800e}.Debug|Any CPU.ActiveCfg = Debug|Any CPU
		{4b7b5cfb-d4cf-7e37-e419-c98abff2800e}.Debug|Any CPU.Build.0 = Debug|Any CPU
		{4b7b5cfb-d4cf-7e37-e419-c98abff2800e}.Release|Any CPU.ActiveCfg = Release|Any CPU
		{4b7b5cfb-d4cf-7e37-e419-c98abff2800e}.Release|Any CPU.Build.0 = Release|Any CPU
		{a8b34390-3d95-ac0a-a2b6-1e7e16cd33fd}.Debug|Any CPU.ActiveCfg = Debug|Any CPU
		{a8b34390-3d95-ac0a-a2b6-1e7e16cd33fd}.Debug|Any CPU.Build.0 = Debug|Any CPU
		{a8b34390-3d95-ac0a-a2b6-1e7e16cd33fd}.Release|Any CPU.ActiveCfg = Release|Any CPU
		{a8b34390-3d95-ac0a-a2b6-1e7e16cd33fd}.Release|Any CPU.Build.0 = Release|Any CPU
	EndGlobalSection
	GlobalSection(SolutionProperties) = preSolution
		HideSolutionNode = FALSE
	EndGlobalSection
EndGlobal
